PODS:
  - Braintree/ApplePay (5.27.0):
    - Braintree/Core
  - Braintree/Card (5.27.0):
    - Braintree/Core
  - Braintree/Core (5.27.0)
  - Braintree/PaymentFlow (5.27.0):
    - Braintree/Core
    - Braintree/PayPalDataCollector
  - Braintree/PayPal (5.27.0):
    - Braintree/Core
    - Braintree/PayPalDataCollector
  - Braintree/PayPalDataCollector (5.27.0)
  - Braintree/ThreeDSecure (5.27.0):
    - Braintree/Card
    - Braintree/PaymentFlow
  - Braintree/UnionPay (5.27.0):
    - Braintree/Card
  - Braintree/Venmo (5.27.0):
    - Braintree/Core
  - BraintreeDropIn (9.14.0):
    - Braintree/ApplePay (~> 5.27)
    - Braintree/Card (~> 5.27)
    - Braintree/Core (~> 5.27)
    - Braintree/PayPal (~> 5.27)
    - Braintree/ThreeDSecure (~> 5.27)
    - Braintree/UnionPay (~> 5.27)
    - Braintree/Venmo (~> 5.27)
  - Flutter (1.0.0)
  - flutter_braintree (1.0.0):
    - Braintree/ApplePay (~> 5.27)
    - Braintree/PayPal (~> 5.27)
    - BraintreeDropIn (= 9.14.0)
    - Flutter

DEPENDENCIES:
  - Flutter (from `Flutter`)
  - flutter_braintree (from `.symlinks/plugins/flutter_braintree/ios`)

SPEC REPOS:
  trunk:
    - Braintree
    - BraintreeDropIn

EXTERNAL SOURCES:
  Flutter:
    :path: Flutter
  flutter_braintree:
    :path: ".symlinks/plugins/flutter_braintree/ios"

SPEC CHECKSUMS:
  Braintree: 9e88d36e660d95a89f920cec2351392d647c3fe5
  BraintreeDropIn: dda213a718343fe1eaff1d593547c2feecf0ce3c
  Flutter: e0871f40cf51350855a761d2e70bf5af5b9b5de7
  flutter_braintree: 814e62496d49dd611026f0b1a19f50f8521e362a

PODFILE CHECKSUM: 4e8f8b2be68aeea4c0d5beb6ff1e79fface1d048

COCOAPODS: 1.16.2
