PODS:
  - Braintree/ApplePay (5.26.0):
    - Braintree/Core
  - Braintree/Card (5.26.0):
    - Braintree/Core
  - Braintree/Core (5.26.0)
  - Braintree/PaymentFlow (5.26.0):
    - Braintree/Core
    - Braintree/PayPalDataCollector
  - Braintree/PayPal (5.26.0):
    - Braintree/Core
    - Braintree/PayPalDataCollector
  - Braintree/PayPalDataCollector (5.26.0)
  - Braintree/ThreeDSecure (5.26.0):
    - Braintree/Card
    - Braintree/PaymentFlow
  - Braintree/UnionPay (5.26.0):
    - Braintree/Card
  - Braintree/Venmo (5.26.0):
    - Braintree/Core
  - BraintreeDropIn (9.12.2):
    - Braintree/ApplePay (~> 5.25)
    - Braintree/Card (~> 5.25)
    - Braintree/Core (~> 5.25)
    - Braintree/PayPal (~> 5.25)
    - Braintree/ThreeDSecure (~> 5.25)
    - Braintree/UnionPay (~> 5.25)
    - Braintree/Venmo (~> 5.25)
  - Flutter (1.0.0)
  - flutter_braintree (1.0.0):
    - Braintree/ApplePay (~> 5.26.0)
    - Braintree/PayPal (~> 5.26.0)
    - BraintreeDropIn (= 9.12.2)
    - Flutter

DEPENDENCIES:
  - Flutter (from `Flutter`)
  - flutter_braintree (from `.symlinks/plugins/flutter_braintree/ios`)

SPEC REPOS:
  trunk:
    - Braintree
    - BraintreeDropIn

EXTERNAL SOURCES:
  Flutter:
    :path: Flutter
  flutter_braintree:
    :path: ".symlinks/plugins/flutter_braintree/ios"

SPEC CHECKSUMS:
  Braintree: 53d39d5349a6316dc455b03334e869f43d6b51bd
  BraintreeDropIn: 9245f1f6d5ff126501061b53d49b23ca26bf0149
  Flutter: e0871f40cf51350855a761d2e70bf5af5b9b5de7
  flutter_braintree: c0d295124db50b134766c43ea7d19a3b8a97041f

PODFILE CHECKSUM: 4e8f8b2be68aeea4c0d5beb6ff1e79fface1d048

COCOAPODS: 1.15.2
